{
  "name": "npm-install-test-dep",
  "version": "1.0.0",
  "lockfileVersion": 2,
  "requires": true,
  "packages": {
    "": {
      "name": "npm-install-test-dep",
      "version": "1.0.0",
      "license": "MIT",
      "dependencies": {
        "luxon": "^3.6.1"
      }
    },
    "node_modules/luxon": {
      "version": "3.6.1",
      "resolved": "https://registry.npmjs.org/luxon/-/luxon-3.6.1.tgz",
      "integrity": "sha512-tJLxrKJhO2ukZ5z0gyjY1zPh3Rh88Ej9P7jNrZiHMUXHae1yvI2imgOZtL1TO8TW6biMMKfTtAOoEJANgtWBMQ==",
      "license": "MIT",
      "engines": {
        "node": ">=12"
      }
    }
  },
  "dependencies": {
    "luxon": {
      "version": "3.6.1",
      "resolved": "https://registry.npmjs.org/luxon/-/luxon-3.6.1.tgz",
      "integrity": "sha512-tJLxrKJhO2ukZ5z0gyjY1zPh3Rh88Ej9P7jNrZiHMUXHae1yvI2imgOZtL1TO8TW6biMMKfTtAOoEJANgtWBMQ=="
    }
  }
}
