# THIS IS AN AUTOGENERATED FILE. DO NOT EDIT THIS FILE DIRECTLY.
# yarn lockfile v1


luxon@^3.6.1:
  version "3.6.1"
  resolved "https://registry.yarnpkg.com/luxon/-/luxon-3.6.1.tgz#d283ffc4c0076cb0db7885ec6da1c49ba97e47b0"
  integrity sha512-tJLxrKJhO2ukZ5z0gyjY1zPh3Rh88Ej9P7jNrZiHMUXHae1yvI2imgOZtL1TO8TW6biMMKfTtAOoEJANgtWBMQ==
